{
  "name": "phaser-plugin-update",
  "version": "2.1.0",
  "lockfileVersion": 2,
  "requires": true,
  "packages": {
    "": {
      "name": "phaser-plugin-update",
      "version": "2.1.0",
      "license": "ISC",
      "devDependencies": {
        "phaser": "3.88.0"
      },
      "peerDependencies": {
        "phaser": "^3.16.2"
      }
    },
    "node_modules/eventemitter3": {
      "version": "5.0.1",
      "resolved": "https://registry.npmjs.org/eventemitter3/-/eventemitter3-5.0.1.tgz",
      "integrity": "sha512-GWkBvjiSZK87ELrYOSESUYeVIc9mvLLf/nXalMOS5dYrgZq9o5OVkbZAVM06CVxYsCwH9BDZFPlQTlPA1j4ahA==",
      "dev": true,
      "license": "MIT"
    },
    "node_modules/phaser": {
      "version": "3.88.0",
      "resolved": "https://registry.npmjs.org/phaser/-/phaser-3.88.0.tgz",
      "integrity": "sha512-VLhKMjFBaoSQQU2Q9tqic7gfIrRjX9xqWi1BooFNB2pO2ssTzU4nNOirW8oUXrM/GPgtIR8xNoXmdYmqeKcZrw==",
      "dev": true,
      "license": "MIT",
      "dependencies": {
        "eventemitter3": "^5.0.1"
      }
    }
  },
  "dependencies": {
    "eventemitter3": {
      "version": "5.0.1",
      "resolved": "https://registry.npmjs.org/eventemitter3/-/eventemitter3-5.0.1.tgz",
      "integrity": "sha512-GWkBvjiSZK87ELrYOSESUYeVIc9mvLLf/nXalMOS5dYrgZq9o5OVkbZAVM06CVxYsCwH9BDZFPlQTlPA1j4ahA==",
      "dev": true
    },
    "phaser": {
      "version": "3.88.0",
      "resolved": "https://registry.npmjs.org/phaser/-/phaser-3.88.0.tgz",
      "integrity": "sha512-VLhKMjFBaoSQQU2Q9tqic7gfIrRjX9xqWi1BooFNB2pO2ssTzU4nNOirW8oUXrM/GPgtIR8xNoXmdYmqeKcZrw==",
      "dev": true,
      "requires": {
        "eventemitter3": "^5.0.1"
      }
    }
  }
}
